
Microsoft Visual Studio Solution File, Format Version 12.00
# Visual Studio Version 17
VisualStudioVersion = 17.2.32616.157
MinimumVisualStudioVersion = 10.0.40219.1
Project("{9A19103F-16F7-4668-BE54-9A1E7A4F7556}") = "Specflow_Automation", "SpecflowAutomation\Specflow_Automation.csproj", "{1737ABFE-64F9-4C8A-9866-D1908782C78A}"
EndProject
Project("{9A19103F-16F7-4668-BE54-9A1E7A4F7556}") = "SpecFlowAPIAutomation", "SpecflowAPIAutomation\SpecFlowAPIAutomation.csproj", "{9C7EE936-0882-4D81-93EF-EDF04463AFDC}"
EndProject
Global
	GlobalSection(SolutionConfigurationPlatforms) = preSolution
		Debug|Any CPU = Debug|Any CPU
		Release|Any CPU = Release|Any CPU
	EndGlobalSection
	GlobalSection(ProjectConfigurationPlatforms) = postSolution
		{1737ABFE-64F9-4C8A-9866-D1908782C78A}.Debug|Any CPU.ActiveCfg = Debug|Any CPU
		{1737ABFE-64F9-4C8A-9866-D1908782C78A}.Debug|Any CPU.Build.0 = Debug|Any CPU
		{1737ABFE-64F9-4C8A-9866-D1908782C78A}.Release|Any CPU.ActiveCfg = Release|Any CPU
		{1737ABFE-64F9-4C8A-9866-D1908782C78A}.Release|Any CPU.Build.0 = Release|Any CPU
		{9C7EE936-0882-4D81-93EF-EDF04463AFDC}.Debug|Any CPU.ActiveCfg = Debug|Any CPU
		{9C7EE936-0882-4D81-93EF-EDF04463AFDC}.Debug|Any CPU.Build.0 = Debug|Any CPU
		{9C7EE936-0882-4D81-93EF-EDF04463AFDC}.Release|Any CPU.ActiveCfg = Release|Any CPU
		{9C7EE936-0882-4D81-93EF-EDF04463AFDC}.Release|Any CPU.Build.0 = Release|Any CPU
	EndGlobalSection
	GlobalSection(SolutionProperties) = preSolution
		HideSolutionNode = FALSE
	EndGlobalSection
	GlobalSection(ExtensibilityGlobals) = postSolution
		SolutionGuid = {D4E1E97A-CA1F-4267-A5AF-2DBC986572E9}
	EndGlobalSection
EndGlobal
